
Microsoft Visual Studio Solution File, Format Version 12.00
# Visual Studio Version 17
VisualStudioVersion = 17.0.31903.59
MinimumVisualStudioVersion = 10.0.40219.1
Project("{FAE04EC0-301F-11D3-BF4B-00C04F79EFBC}") = "ApiTarefas", "ApiTarefas\ApiTarefas.csproj", "{A1BACF9F-FCC7-46F7-BC0A-175B894759BE}"
EndProject
Project("{FAE04EC0-301F-11D3-BF4B-00C04F79EFBC}") = "ApiTest", "ApiTest\ApiTest.csproj", "{9367B843-8B98-4E39-B9A3-9A745305EBB6}"
EndProject
Global
	GlobalSection(SolutionConfigurationPlatforms) = preSolution
		Debug|Any CPU = Debug|Any CPU
		Release|Any CPU = Release|Any CPU
	EndGlobalSection
	GlobalSection(SolutionProperties) = preSolution
		HideSolutionNode = FALSE
	EndGlobalSection
	GlobalSection(ProjectConfigurationPlatforms) = postSolution
		{A1BACF9F-FCC7-46F7-BC0A-175B894759BE}.Debug|Any CPU.ActiveCfg = Debug|Any CPU
		{A1BACF9F-FCC7-46F7-BC0A-175B894759BE}.Debug|Any CPU.Build.0 = Debug|Any CPU
		{A1BACF9F-FCC7-46F7-BC0A-175B894759BE}.Release|Any CPU.ActiveCfg = Release|Any CPU
		{A1BACF9F-FCC7-46F7-BC0A-175B894759BE}.Release|Any CPU.Build.0 = Release|Any CPU
		{9367B843-8B98-4E39-B9A3-9A745305EBB6}.Debug|Any CPU.ActiveCfg = Debug|Any CPU
		{9367B843-8B98-4E39-B9A3-9A745305EBB6}.Debug|Any CPU.Build.0 = Debug|Any CPU
		{9367B843-8B98-4E39-B9A3-9A745305EBB6}.Release|Any CPU.ActiveCfg = Release|Any CPU
		{9367B843-8B98-4E39-B9A3-9A745305EBB6}.Release|Any CPU.Build.0 = Release|Any CPU
	EndGlobalSection
EndGlobal
